// !$*UTF8*$!
{
	archiveVersion = 1;
	classes = {
	};
	objectVersion = 56;
	objects = {

/* Begin PBXBuildFile section */
		EC053FB82B34595E00C9D466 /* ProductList_ViewController + btnAction.swift in Sources */ = {isa = PBXBuildFile; fileRef = EC053FB72B34595E00C9D466 /* ProductList_ViewController + btnAction.swift */; };
		EC053FBA2B345A5800C9D466 /* ProductList_ViewController + Delegate.swift in Sources */ = {isa = PBXBuildFile; fileRef = EC053FB92B345A5800C9D466 /* ProductList_ViewController + Delegate.swift */; };
		EC053FC12B3BF52F00C9D466 /* CDRate+CoreDataClass.swift in Sources */ = {isa = PBXBuildFile; fileRef = EC053FBD2B3BF52F00C9D466 /* CDRate+CoreDataClass.swift */; };
		EC053FC22B3BF52F00C9D466 /* CDRate+CoreDataProperties.swift in Sources */ = {isa = PBXBuildFile; fileRef = EC053FBE2B3BF52F00C9D466 /* CDRate+CoreDataProperties.swift */; };
		EC053FC32B3BF52F00C9D466 /* CDProduct+CoreDataClass.swift in Sources */ = {isa = PBXBuildFile; fileRef = EC053FBF2B3BF52F00C9D466 /* CDProduct+CoreDataClass.swift */; };
		EC053FC42B3BF52F00C9D466 /* CDProduct+CoreDataProperties.swift in Sources */ = {isa = PBXBuildFile; fileRef = EC053FC02B3BF52F00C9D466 /* CDProduct+CoreDataProperties.swift */; };
		EC27AD892B22F8B700A4ED1F /* ProductList_ViewController.swift in Sources */ = {isa = PBXBuildFile; fileRef = EC27AD882B22F8B700A4ED1F /* ProductList_ViewController.swift */; };
		EC27AD8D2B23027C00A4ED1F /* Storybord.swift in Sources */ = {isa = PBXBuildFile; fileRef = EC27AD8C2B23027C00A4ED1F /* Storybord.swift */; };
		EC27AD8F2B23032700A4ED1F /* ImageName.swift in Sources */ = {isa = PBXBuildFile; fileRef = EC27AD8E2B23032700A4ED1F /* ImageName.swift */; };
		EC27AD912B23166400A4ED1F /* Product.swift in Sources */ = {isa = PBXBuildFile; fileRef = EC27AD902B23166400A4ED1F /* Product.swift */; };
		EC470C5D2B259C8C003C3063 /* ProductList_ViewController + tableView.swift in Sources */ = {isa = PBXBuildFile; fileRef = EC470C5C2B259C8C003C3063 /* ProductList_ViewController + tableView.swift */; };
		ECA04AFB2B25B43200F6B117 /* ProductCell.swift in Sources */ = {isa = PBXBuildFile; fileRef = ECA04AF92B25B43200F6B117 /* ProductCell.swift */; };
		ECA04AFC2B25B43200F6B117 /* ProductCell.xib in Resources */ = {isa = PBXBuildFile; fileRef = ECA04AFA2B25B43200F6B117 /* ProductCell.xib */; };
		ECAB38B52B2989540058833B /* SingleProductViewModel.swift in Sources */ = {isa = PBXBuildFile; fileRef = ECAB38B42B2989540058833B /* SingleProductViewModel.swift */; };
		ECAB38BA2B298E4D0058833B /* ProductService.swift in Sources */ = {isa = PBXBuildFile; fileRef = ECAB38B92B298E4D0058833B /* ProductService.swift */; };
		ECAB38BC2B2996E30058833B /* ProductRepository.swift in Sources */ = {isa = PBXBuildFile; fileRef = ECAB38BB2B2996E30058833B /* ProductRepository.swift */; };
		ECAB38BE2B2998B10058833B /* ProductUseCase.swift in Sources */ = {isa = PBXBuildFile; fileRef = ECAB38BD2B2998B10058833B /* ProductUseCase.swift */; };
		ECBD5B862B2074BF00AB2C48 /* AppDelegate.swift in Sources */ = {isa = PBXBuildFile; fileRef = ECBD5B852B2074BF00AB2C48 /* AppDelegate.swift */; };
		ECBD5B882B2074BF00AB2C48 /* SceneDelegate.swift in Sources */ = {isa = PBXBuildFile; fileRef = ECBD5B872B2074BF00AB2C48 /* SceneDelegate.swift */; };
		ECBD5B8D2B2074BF00AB2C48 /* Main.storyboard in Resources */ = {isa = PBXBuildFile; fileRef = ECBD5B8B2B2074BF00AB2C48 /* Main.storyboard */; };
		ECBD5B902B2074BF00AB2C48 /* MVVM_Dummy.xcdatamodeld in Sources */ = {isa = PBXBuildFile; fileRef = ECBD5B8E2B2074BF00AB2C48 /* MVVM_Dummy.xcdatamodeld */; };
		ECBD5B922B2074C000AB2C48 /* Assets.xcassets in Resources */ = {isa = PBXBuildFile; fileRef = ECBD5B912B2074C000AB2C48 /* Assets.xcassets */; };
		ECBD5B952B2074C000AB2C48 /* LaunchScreen.storyboard in Resources */ = {isa = PBXBuildFile; fileRef = ECBD5B932B2074C000AB2C48 /* LaunchScreen.storyboard */; };
		ECBD5BA02B2074C000AB2C48 /* MVVM_DummyTests.swift in Sources */ = {isa = PBXBuildFile; fileRef = ECBD5B9F2B2074C000AB2C48 /* MVVM_DummyTests.swift */; };
		ECBD5BAA2B2074C000AB2C48 /* MVVM_DummyUITests.swift in Sources */ = {isa = PBXBuildFile; fileRef = ECBD5BA92B2074C000AB2C48 /* MVVM_DummyUITests.swift */; };
		ECBD5BAC2B2074C000AB2C48 /* MVVM_DummyUITestsLaunchTests.swift in Sources */ = {isa = PBXBuildFile; fileRef = ECBD5BAB2B2074C000AB2C48 /* MVVM_DummyUITestsLaunchTests.swift */; };
		ECBD5BC62B2088D800AB2C48 /* navBarExtension.swift in Sources */ = {isa = PBXBuildFile; fileRef = ECBD5BC52B2088D800AB2C48 /* navBarExtension.swift */; };
		ECBD5BC82B20898700AB2C48 /* Constant.swift in Sources */ = {isa = PBXBuildFile; fileRef = ECBD5BC72B20898700AB2C48 /* Constant.swift */; };
		ECBD5BCA2B209FCA00AB2C48 /* MainViewController.swift in Sources */ = {isa = PBXBuildFile; fileRef = ECBD5BC92B209FCA00AB2C48 /* MainViewController.swift */; };
		ECBD5BCC2B20AC4000AB2C48 /* ChildViewController.swift in Sources */ = {isa = PBXBuildFile; fileRef = ECBD5BCB2B20AC3F00AB2C48 /* ChildViewController.swift */; };
		ECBD5BCE2B20AC4F00AB2C48 /* SettingsViewController.swift in Sources */ = {isa = PBXBuildFile; fileRef = ECBD5BCD2B20AC4F00AB2C48 /* SettingsViewController.swift */; };
		ECBD5BD02B2194FB00AB2C48 /* TabBarViewController.swift in Sources */ = {isa = PBXBuildFile; fileRef = ECBD5BCF2B2194FA00AB2C48 /* TabBarViewController.swift */; };
		ECBD5BD22B21A51700AB2C48 /* BaseViewController.swift in Sources */ = {isa = PBXBuildFile; fileRef = ECBD5BD12B21A51700AB2C48 /* BaseViewController.swift */; };
		ECBD5BD42B21ABA600AB2C48 /* BaseTableViewController.swift in Sources */ = {isa = PBXBuildFile; fileRef = ECBD5BD32B21ABA600AB2C48 /* BaseTableViewController.swift */; };
		ECF02B682B25D16100C72F9F /* ProductList_ViewController + SearchBar.swift in Sources */ = {isa = PBXBuildFile; fileRef = ECF02B672B25D16100C72F9F /* ProductList_ViewController + SearchBar.swift */; };
		ECF0CCD42B23591D00749C03 /* EndPointType.swift in Sources */ = {isa = PBXBuildFile; fileRef = ECF0CCD32B23591D00749C03 /* EndPointType.swift */; };
		ECF0CCD62B235B7300749C03 /* ProductEndPointType.swift in Sources */ = {isa = PBXBuildFile; fileRef = ECF0CCD52B235B7300749C03 /* ProductEndPointType.swift */; };
		ECF0CCD82B235FC500749C03 /* APIManager.swift in Sources */ = {isa = PBXBuildFile; fileRef = ECF0CCD72B235FC500749C03 /* APIManager.swift */; };
		ECF0CCDA2B236D6E00749C03 /* ProductViewModel.swift in Sources */ = {isa = PBXBuildFile; fileRef = ECF0CCD92B236D6E00749C03 /* ProductViewModel.swift */; };
		ECF0EAA02B2B20E800F4338D /* ProductServiceImpl.swift in Sources */ = {isa = PBXBuildFile; fileRef = ECF0EA9F2B2B20E800F4338D /* ProductServiceImpl.swift */; };
		ECF0EAA52B2C3ACC00F4338D /* PersistentStorage.swift in Sources */ = {isa = PBXBuildFile; fileRef = ECF0EAA42B2C3ACC00F4338D /* PersistentStorage.swift */; };
		ECF0EAA62B2C3ACC00F4338D /* PersistentStorage.swift in Sources */ = {isa = PBXBuildFile; fileRef = ECF0EAA42B2C3ACC00F4338D /* PersistentStorage.swift */; };
		ECF0EAA72B2C3ACC00F4338D /* PersistentStorage.swift in Sources */ = {isa = PBXBuildFile; fileRef = ECF0EAA42B2C3ACC00F4338D /* PersistentStorage.swift */; };
		ECF0EB2C2B300BCA00F4338D /* ProductDataManager.swift in Sources */ = {isa = PBXBuildFile; fileRef = ECF0EB2B2B300BCA00F4338D /* ProductDataManager.swift */; };
		ECF0EB2D2B300BCA00F4338D /* ProductDataManager.swift in Sources */ = {isa = PBXBuildFile; fileRef = ECF0EB2B2B300BCA00F4338D /* ProductDataManager.swift */; };
		ECF0EB2E2B300BCA00F4338D /* ProductDataManager.swift in Sources */ = {isa = PBXBuildFile; fileRef = ECF0EB2B2B300BCA00F4338D /* ProductDataManager.swift */; };
		ECF0EB302B300BEF00F4338D /* RateDataManager.swift in Sources */ = {isa = PBXBuildFile; fileRef = ECF0EB2F2B300BEF00F4338D /* RateDataManager.swift */; };
		ECF0EB312B300BEF00F4338D /* RateDataManager.swift in Sources */ = {isa = PBXBuildFile; fileRef = ECF0EB2F2B300BEF00F4338D /* RateDataManager.swift */; };
		ECF0EB322B300BEF00F4338D /* RateDataManager.swift in Sources */ = {isa = PBXBuildFile; fileRef = ECF0EB2F2B300BEF00F4338D /* RateDataManager.swift */; };
		ECF0EB352B3028FC00F4338D /* CoreData_ProductExtension.swift in Sources */ = {isa = PBXBuildFile; fileRef = ECF0EB342B3028FC00F4338D /* CoreData_ProductExtension.swift */; };
		ECF0EB362B3028FC00F4338D /* CoreData_ProductExtension.swift in Sources */ = {isa = PBXBuildFile; fileRef = ECF0EB342B3028FC00F4338D /* CoreData_ProductExtension.swift */; };
		ECF0EB372B3028FC00F4338D /* CoreData_ProductExtension.swift in Sources */ = {isa = PBXBuildFile; fileRef = ECF0EB342B3028FC00F4338D /* CoreData_ProductExtension.swift */; };
		ECF0EB4D2B317BD300F4338D /* Product.storyboard in Resources */ = {isa = PBXBuildFile; fileRef = ECF0EB4C2B317BD300F4338D /* Product.storyboard */; };
		ECF0EB4E2B317BD300F4338D /* Product.storyboard in Resources */ = {isa = PBXBuildFile; fileRef = ECF0EB4C2B317BD300F4338D /* Product.storyboard */; };
		ECF0EB4F2B317BD300F4338D /* Product.storyboard in Resources */ = {isa = PBXBuildFile; fileRef = ECF0EB4C2B317BD300F4338D /* Product.storyboard */; };
		ECF0EB542B317CA100F4338D /* AddProduct_ViewController.swift in Sources */ = {isa = PBXBuildFile; fileRef = ECF0EB532B317CA100F4338D /* AddProduct_ViewController.swift */; };
		ECF0EB552B317CA100F4338D /* AddProduct_ViewController.swift in Sources */ = {isa = PBXBuildFile; fileRef = ECF0EB532B317CA100F4338D /* AddProduct_ViewController.swift */; };
		ECF0EB562B317CA100F4338D /* AddProduct_ViewController.swift in Sources */ = {isa = PBXBuildFile; fileRef = ECF0EB532B317CA100F4338D /* AddProduct_ViewController.swift */; };
		ECF0EB582B317D6E00F4338D /* ProductList_ViewController + Navigation.swift in Sources */ = {isa = PBXBuildFile; fileRef = ECF0EB572B317D6E00F4338D /* ProductList_ViewController + Navigation.swift */; };
		ECF0EB592B317D6E00F4338D /* ProductList_ViewController + Navigation.swift in Sources */ = {isa = PBXBuildFile; fileRef = ECF0EB572B317D6E00F4338D /* ProductList_ViewController + Navigation.swift */; };
		ECF0EB5A2B317D6E00F4338D /* ProductList_ViewController + Navigation.swift in Sources */ = {isa = PBXBuildFile; fileRef = ECF0EB572B317D6E00F4338D /* ProductList_ViewController + Navigation.swift */; };
		ECF0EB5C2B319CDA00F4338D /* TabBar.storyboard in Resources */ = {isa = PBXBuildFile; fileRef = ECF0EB5B2B319CDA00F4338D /* TabBar.storyboard */; };
		ECF0EB5D2B319CDA00F4338D /* TabBar.storyboard in Resources */ = {isa = PBXBuildFile; fileRef = ECF0EB5B2B319CDA00F4338D /* TabBar.storyboard */; };
		ECF0EB5E2B319CDA00F4338D /* TabBar.storyboard in Resources */ = {isa = PBXBuildFile; fileRef = ECF0EB5B2B319CDA00F4338D /* TabBar.storyboard */; };
		ECF0EB602B31A88800F4338D /* AddProduct.swift in Sources */ = {isa = PBXBuildFile; fileRef = ECF0EB5F2B31A88800F4338D /* AddProduct.swift */; };
		ECF0EB692B31ADCA00F4338D /* AddProductViewModel.swift in Sources */ = {isa = PBXBuildFile; fileRef = ECF0EB682B31ADCA00F4338D /* AddProductViewModel.swift */; };
		ECF0EB6A2B31ADCA00F4338D /* AddProductViewModel.swift in Sources */ = {isa = PBXBuildFile; fileRef = ECF0EB682B31ADCA00F4338D /* AddProductViewModel.swift */; };
		ECF0EB6B2B31ADCA00F4338D /* AddProductViewModel.swift in Sources */ = {isa = PBXBuildFile; fileRef = ECF0EB682B31ADCA00F4338D /* AddProductViewModel.swift */; };
		ECF0EB6D2B31AE7100F4338D /* AddProductService.swift in Sources */ = {isa = PBXBuildFile; fileRef = ECF0EB6C2B31AE7100F4338D /* AddProductService.swift */; };
		ECF0EB6E2B31AE7100F4338D /* AddProductService.swift in Sources */ = {isa = PBXBuildFile; fileRef = ECF0EB6C2B31AE7100F4338D /* AddProductService.swift */; };
		ECF0EB6F2B31AE7100F4338D /* AddProductService.swift in Sources */ = {isa = PBXBuildFile; fileRef = ECF0EB6C2B31AE7100F4338D /* AddProductService.swift */; };
		ECF0EB712B31AE8900F4338D /* AddProductServiceImpl.swift in Sources */ = {isa = PBXBuildFile; fileRef = ECF0EB702B31AE8900F4338D /* AddProductServiceImpl.swift */; };
		ECF0EB722B31AE8900F4338D /* AddProductServiceImpl.swift in Sources */ = {isa = PBXBuildFile; fileRef = ECF0EB702B31AE8900F4338D /* AddProductServiceImpl.swift */; };
		ECF0EB732B31AE8900F4338D /* AddProductServiceImpl.swift in Sources */ = {isa = PBXBuildFile; fileRef = ECF0EB702B31AE8900F4338D /* AddProductServiceImpl.swift */; };
		ECF0EB752B31B20F00F4338D /* AddProductRepository.swift in Sources */ = {isa = PBXBuildFile; fileRef = ECF0EB742B31B20F00F4338D /* AddProductRepository.swift */; };
		ECF0EB762B31B20F00F4338D /* AddProductRepository.swift in Sources */ = {isa = PBXBuildFile; fileRef = ECF0EB742B31B20F00F4338D /* AddProductRepository.swift */; };
		ECF0EB772B31B20F00F4338D /* AddProductRepository.swift in Sources */ = {isa = PBXBuildFile; fileRef = ECF0EB742B31B20F00F4338D /* AddProductRepository.swift */; };
		ECF0EB792B31B33B00F4338D /* AddProductUseCases.swift in Sources */ = {isa = PBXBuildFile; fileRef = ECF0EB782B31B33B00F4338D /* AddProductUseCases.swift */; };
		ECF0EB7A2B31B33B00F4338D /* AddProductUseCases.swift in Sources */ = {isa = PBXBuildFile; fileRef = ECF0EB782B31B33B00F4338D /* AddProductUseCases.swift */; };
		ECF0EB7B2B31B33B00F4338D /* AddProductUseCases.swift in Sources */ = {isa = PBXBuildFile; fileRef = ECF0EB782B31B33B00F4338D /* AddProductUseCases.swift */; };
/* End PBXBuildFile section */

/* Begin PBXContainerItemProxy section */
		ECBD5B9C2B2074C000AB2C48 /* PBXContainerItemProxy */ = {
			isa = PBXContainerItemProxy;
			containerPortal = ECBD5B7A2B2074BF00AB2C48 /* Project object */;
			proxyType = 1;
			remoteGlobalIDString = ECBD5B812B2074BF00AB2C48;
			remoteInfo = MVVM_Dummy;
		};
		ECBD5BA62B2074C000AB2C48 /* PBXContainerItemProxy */ = {
			isa = PBXContainerItemProxy;
			containerPortal = ECBD5B7A2B2074BF00AB2C48 /* Project object */;
			proxyType = 1;
			remoteGlobalIDString = ECBD5B812B2074BF00AB2C48;
			remoteInfo = MVVM_Dummy;
		};
/* End PBXContainerItemProxy section */

/* Begin PBXFileReference section */
		EC053FB72B34595E00C9D466 /* ProductList_ViewController + btnAction.swift */ = {isa = PBXFileReference; lastKnownFileType = sourcecode.swift; path = "ProductList_ViewController + btnAction.swift"; sourceTree = "<group>"; };
		EC053FB92B345A5800C9D466 /* ProductList_ViewController + Delegate.swift */ = {isa = PBXFileReference; lastKnownFileType = sourcecode.swift; path = "ProductList_ViewController + Delegate.swift"; sourceTree = "<group>"; };
		EC053FBD2B3BF52F00C9D466 /* CDRate+CoreDataClass.swift */ = {isa = PBXFileReference; lastKnownFileType = sourcecode.swift; path = "CDRate+CoreDataClass.swift"; sourceTree = SOURCE_ROOT; };
		EC053FBE2B3BF52F00C9D466 /* CDRate+CoreDataProperties.swift */ = {isa = PBXFileReference; lastKnownFileType = sourcecode.swift; path = "CDRate+CoreDataProperties.swift"; sourceTree = SOURCE_ROOT; };
		EC053FBF2B3BF52F00C9D466 /* CDProduct+CoreDataClass.swift */ = {isa = PBXFileReference; lastKnownFileType = sourcecode.swift; path = "CDProduct+CoreDataClass.swift"; sourceTree = SOURCE_ROOT; };
		EC053FC02B3BF52F00C9D466 /* CDProduct+CoreDataProperties.swift */ = {isa = PBXFileReference; lastKnownFileType = sourcecode.swift; path = "CDProduct+CoreDataProperties.swift"; sourceTree = SOURCE_ROOT; };
		EC27AD882B22F8B700A4ED1F /* ProductList_ViewController.swift */ = {isa = PBXFileReference; lastKnownFileType = sourcecode.swift; path = ProductList_ViewController.swift; sourceTree = "<group>"; };
		EC27AD8C2B23027C00A4ED1F /* Storybord.swift */ = {isa = PBXFileReference; lastKnownFileType = sourcecode.swift; path = Storybord.swift; sourceTree = "<group>"; };
		EC27AD8E2B23032700A4ED1F /* ImageName.swift */ = {isa = PBXFileReference; lastKnownFileType = sourcecode.swift; path = ImageName.swift; sourceTree = "<group>"; };
		EC27AD902B23166400A4ED1F /* Product.swift */ = {isa = PBXFileReference; lastKnownFileType = sourcecode.swift; path = Product.swift; sourceTree = "<group>"; };
		EC470C5C2B259C8C003C3063 /* ProductList_ViewController + tableView.swift */ = {isa = PBXFileReference; lastKnownFileType = sourcecode.swift; path = "ProductList_ViewController + tableView.swift"; sourceTree = "<group>"; };
		ECA04AF92B25B43200F6B117 /* ProductCell.swift */ = {isa = PBXFileReference; lastKnownFileType = sourcecode.swift; path = ProductCell.swift; sourceTree = "<group>"; };
		ECA04AFA2B25B43200F6B117 /* ProductCell.xib */ = {isa = PBXFileReference; lastKnownFileType = file.xib; path = ProductCell.xib; sourceTree = "<group>"; };
		ECAB38B42B2989540058833B /* SingleProductViewModel.swift */ = {isa = PBXFileReference; lastKnownFileType = sourcecode.swift; path = SingleProductViewModel.swift; sourceTree = "<group>"; };
		ECAB38B92B298E4D0058833B /* ProductService.swift */ = {isa = PBXFileReference; lastKnownFileType = sourcecode.swift; path = ProductService.swift; sourceTree = "<group>"; };
		ECAB38BB2B2996E30058833B /* ProductRepository.swift */ = {isa = PBXFileReference; lastKnownFileType = sourcecode.swift; path = ProductRepository.swift; sourceTree = "<group>"; };
		ECAB38BD2B2998B10058833B /* ProductUseCase.swift */ = {isa = PBXFileReference; lastKnownFileType = sourcecode.swift; path = ProductUseCase.swift; sourceTree = "<group>"; };
		ECBD5B822B2074BF00AB2C48 /* MVVM_Dummy.app */ = {isa = PBXFileReference; explicitFileType = wrapper.application; includeInIndex = 0; path = MVVM_Dummy.app; sourceTree = BUILT_PRODUCTS_DIR; };
		ECBD5B852B2074BF00AB2C48 /* AppDelegate.swift */ = {isa = PBXFileReference; lastKnownFileType = sourcecode.swift; path = AppDelegate.swift; sourceTree = "<group>"; };
		ECBD5B872B2074BF00AB2C48 /* SceneDelegate.swift */ = {isa = PBXFileReference; lastKnownFileType = sourcecode.swift; path = SceneDelegate.swift; sourceTree = "<group>"; };
		ECBD5B8C2B2074BF00AB2C48 /* Base */ = {isa = PBXFileReference; lastKnownFileType = file.storyboard; name = Base; path = Base.lproj/Main.storyboard; sourceTree = "<group>"; };
		ECBD5B8F2B2074BF00AB2C48 /* MVVM_Dummy.xcdatamodel */ = {isa = PBXFileReference; lastKnownFileType = wrapper.xcdatamodel; path = MVVM_Dummy.xcdatamodel; sourceTree = "<group>"; };
		ECBD5B912B2074C000AB2C48 /* Assets.xcassets */ = {isa = PBXFileReference; lastKnownFileType = folder.assetcatalog; path = Assets.xcassets; sourceTree = "<group>"; };
		ECBD5B942B2074C000AB2C48 /* Base */ = {isa = PBXFileReference; lastKnownFileType = file.storyboard; name = Base; path = Base.lproj/LaunchScreen.storyboard; sourceTree = "<group>"; };
		ECBD5B962B2074C000AB2C48 /* Info.plist */ = {isa = PBXFileReference; lastKnownFileType = text.plist.xml; path = Info.plist; sourceTree = "<group>"; };
		ECBD5B9B2B2074C000AB2C48 /* MVVM_DummyTests.xctest */ = {isa = PBXFileReference; explicitFileType = wrapper.cfbundle; includeInIndex = 0; path = MVVM_DummyTests.xctest; sourceTree = BUILT_PRODUCTS_DIR; };
		ECBD5B9F2B2074C000AB2C48 /* MVVM_DummyTests.swift */ = {isa = PBXFileReference; lastKnownFileType = sourcecode.swift; path = MVVM_DummyTests.swift; sourceTree = "<group>"; };
		ECBD5BA52B2074C000AB2C48 /* MVVM_DummyUITests.xctest */ = {isa = PBXFileReference; explicitFileType = wrapper.cfbundle; includeInIndex = 0; path = MVVM_DummyUITests.xctest; sourceTree = BUILT_PRODUCTS_DIR; };
		ECBD5BA92B2074C000AB2C48 /* MVVM_DummyUITests.swift */ = {isa = PBXFileReference; lastKnownFileType = sourcecode.swift; path = MVVM_DummyUITests.swift; sourceTree = "<group>"; };
		ECBD5BAB2B2074C000AB2C48 /* MVVM_DummyUITestsLaunchTests.swift */ = {isa = PBXFileReference; lastKnownFileType = sourcecode.swift; path = MVVM_DummyUITestsLaunchTests.swift; sourceTree = "<group>"; };
		ECBD5BC52B2088D800AB2C48 /* navBarExtension.swift */ = {isa = PBXFileReference; lastKnownFileType = sourcecode.swift; path = navBarExtension.swift; sourceTree = "<group>"; };
		ECBD5BC72B20898700AB2C48 /* Constant.swift */ = {isa = PBXFileReference; lastKnownFileType = sourcecode.swift; path = Constant.swift; sourceTree = "<group>"; };
		ECBD5BC92B209FCA00AB2C48 /* MainViewController.swift */ = {isa = PBXFileReference; lastKnownFileType = sourcecode.swift; path = MainViewController.swift; sourceTree = "<group>"; };
		ECBD5BCB2B20AC3F00AB2C48 /* ChildViewController.swift */ = {isa = PBXFileReference; lastKnownFileType = sourcecode.swift; path = ChildViewController.swift; sourceTree = "<group>"; };
		ECBD5BCD2B20AC4F00AB2C48 /* SettingsViewController.swift */ = {isa = PBXFileReference; lastKnownFileType = sourcecode.swift; path = SettingsViewController.swift; sourceTree = "<group>"; };
		ECBD5BCF2B2194FA00AB2C48 /* TabBarViewController.swift */ = {isa = PBXFileReference; lastKnownFileType = sourcecode.swift; path = TabBarViewController.swift; sourceTree = "<group>"; };
		ECBD5BD12B21A51700AB2C48 /* BaseViewController.swift */ = {isa = PBXFileReference; lastKnownFileType = sourcecode.swift; path = BaseViewController.swift; sourceTree = "<group>"; };
		ECBD5BD32B21ABA600AB2C48 /* BaseTableViewController.swift */ = {isa = PBXFileReference; lastKnownFileType = sourcecode.swift; path = BaseTableViewController.swift; sourceTree = "<group>"; };
		ECF02B672B25D16100C72F9F /* ProductList_ViewController + SearchBar.swift */ = {isa = PBXFileReference; lastKnownFileType = sourcecode.swift; path = "ProductList_ViewController + SearchBar.swift"; sourceTree = "<group>"; };
		ECF0CCD32B23591D00749C03 /* EndPointType.swift */ = {isa = PBXFileReference; lastKnownFileType = sourcecode.swift; path = EndPointType.swift; sourceTree = "<group>"; };
		ECF0CCD52B235B7300749C03 /* ProductEndPointType.swift */ = {isa = PBXFileReference; lastKnownFileType = sourcecode.swift; path = ProductEndPointType.swift; sourceTree = "<group>"; };
		ECF0CCD72B235FC500749C03 /* APIManager.swift */ = {isa = PBXFileReference; lastKnownFileType = sourcecode.swift; path = APIManager.swift; sourceTree = "<group>"; };
		ECF0CCD92B236D6E00749C03 /* ProductViewModel.swift */ = {isa = PBXFileReference; lastKnownFileType = sourcecode.swift; path = ProductViewModel.swift; sourceTree = "<group>"; };
		ECF0EA9F2B2B20E800F4338D /* ProductServiceImpl.swift */ = {isa = PBXFileReference; lastKnownFileType = sourcecode.swift; path = ProductServiceImpl.swift; sourceTree = "<group>"; };
		ECF0EAA42B2C3ACC00F4338D /* PersistentStorage.swift */ = {isa = PBXFileReference; lastKnownFileType = sourcecode.swift; path = PersistentStorage.swift; sourceTree = "<group>"; };
		ECF0EB2B2B300BCA00F4338D /* ProductDataManager.swift */ = {isa = PBXFileReference; lastKnownFileType = sourcecode.swift; path = ProductDataManager.swift; sourceTree = "<group>"; };
		ECF0EB2F2B300BEF00F4338D /* RateDataManager.swift */ = {isa = PBXFileReference; lastKnownFileType = sourcecode.swift; path = RateDataManager.swift; sourceTree = "<group>"; };
		ECF0EB342B3028FC00F4338D /* CoreData_ProductExtension.swift */ = {isa = PBXFileReference; lastKnownFileType = sourcecode.swift; path = CoreData_ProductExtension.swift; sourceTree = "<group>"; };
		ECF0EB4C2B317BD300F4338D /* Product.storyboard */ = {isa = PBXFileReference; lastKnownFileType = file.storyboard; path = Product.storyboard; sourceTree = "<group>"; };
		ECF0EB532B317CA100F4338D /* AddProduct_ViewController.swift */ = {isa = PBXFileReference; lastKnownFileType = sourcecode.swift; path = AddProduct_ViewController.swift; sourceTree = "<group>"; };
		ECF0EB572B317D6E00F4338D /* ProductList_ViewController + Navigation.swift */ = {isa = PBXFileReference; lastKnownFileType = sourcecode.swift; path = "ProductList_ViewController + Navigation.swift"; sourceTree = "<group>"; };
		ECF0EB5B2B319CDA00F4338D /* TabBar.storyboard */ = {isa = PBXFileReference; lastKnownFileType = file.storyboard; path = TabBar.storyboard; sourceTree = "<group>"; };
		ECF0EB5F2B31A88800F4338D /* AddProduct.swift */ = {isa = PBXFileReference; lastKnownFileType = sourcecode.swift; path = AddProduct.swift; sourceTree = "<group>"; };
		ECF0EB682B31ADCA00F4338D /* AddProductViewModel.swift */ = {isa = PBXFileReference; lastKnownFileType = sourcecode.swift; path = AddProductViewModel.swift; sourceTree = "<group>"; };
		ECF0EB6C2B31AE7100F4338D /* AddProductService.swift */ = {isa = PBXFileReference; lastKnownFileType = sourcecode.swift; path = AddProductService.swift; sourceTree = "<group>"; };
		ECF0EB702B31AE8900F4338D /* AddProductServiceImpl.swift */ = {isa = PBXFileReference; lastKnownFileType = sourcecode.swift; path = AddProductServiceImpl.swift; sourceTree = "<group>"; };
		ECF0EB742B31B20F00F4338D /* AddProductRepository.swift */ = {isa = PBXFileReference; lastKnownFileType = sourcecode.swift; path = AddProductRepository.swift; sourceTree = "<group>"; };
		ECF0EB782B31B33B00F4338D /* AddProductUseCases.swift */ = {isa = PBXFileReference; lastKnownFileType = sourcecode.swift; path = AddProductUseCases.swift; sourceTree = "<group>"; };
/* End PBXFileReference section */

/* Begin PBXFrameworksBuildPhase section */
		ECBD5B7F2B2074BF00AB2C48 /* Frameworks */ = {
			isa = PBXFrameworksBuildPhase;
			buildActionMask = 2147483647;
			files = (
			);
			runOnlyForDeploymentPostprocessing = 0;
		};
		ECBD5B982B2074C000AB2C48 /* Frameworks */ = {
			isa = PBXFrameworksBuildPhase;
			buildActionMask = 2147483647;
			files = (
			);
			runOnlyForDeploymentPostprocessing = 0;
		};
		ECBD5BA22B2074C000AB2C48 /* Frameworks */ = {
			isa = PBXFrameworksBuildPhase;
			buildActionMask = 2147483647;
			files = (
			);
			runOnlyForDeploymentPostprocessing = 0;
		};
/* End PBXFrameworksBuildPhase section */

/* Begin PBXGroup section */
		EC27AD842B22F69300A4ED1F /* Product List */ = {
			isa = PBXGroup;
			children = (
				ECBD5BC02B20760300AB2C48 /* View */,
				ECBD5BC22B2077E400AB2C48 /* Model */,
				ECBD5BC12B2077D400AB2C48 /* ViewModel */,
				ECAB38B82B298DFB0058833B /* UseCases */,
				ECAB38B72B298DE80058833B /* Repository */,
				ECF0EA9E2B2B20D000F4338D /* Service */,
				ECF0EB2A2B300B9B00F4338D /* CoreDate_Datamanager */,
				ECF0EB332B3028DD00F4338D /* Extension */,
				ECF0EAA82B2C439C00F4338D /* CoreData_SupportFiles */,
			);
			path = "Product List";
			sourceTree = "<group>";
		};
		EC27AD852B22F6F300A4ED1F /* Common Controllers */ = {
			isa = PBXGroup;
			children = (
				EC27AD862B22F70600A4ED1F /* Base Controllers */,
			);
			path = "Common Controllers";
			sourceTree = "<group>";
		};
		EC27AD862B22F70600A4ED1F /* Base Controllers */ = {
			isa = PBXGroup;
			children = (
				ECBD5BD32B21ABA600AB2C48 /* BaseTableViewController.swift */,
				ECBD5BCB2B20AC3F00AB2C48 /* ChildViewController.swift */,
			);
			path = "Base Controllers";
			sourceTree = "<group>";
		};
		EC27AD872B22F85100A4ED1F /* Welcome Screen */ = {
			isa = PBXGroup;
			children = (
				ECBD5BC92B209FCA00AB2C48 /* MainViewController.swift */,
			);
			path = "Welcome Screen";
			sourceTree = "<group>";
		};
		EC27AD8A2B22F8D500A4ED1F /* Settings */ = {
			isa = PBXGroup;
			children = (
				ECBD5BCD2B20AC4F00AB2C48 /* SettingsViewController.swift */,
			);
			path = Settings;
			sourceTree = "<group>";
		};
		EC27AD8B2B22FC1C00A4ED1F /* TableViewCell */ = {
			isa = PBXGroup;
			children = (
				ECA04AF92B25B43200F6B117 /* ProductCell.swift */,
				ECA04AFA2B25B43200F6B117 /* ProductCell.xib */,
			);
			path = TableViewCell;
			sourceTree = "<group>";
		};
		ECAB38B72B298DE80058833B /* Repository */ = {
			isa = PBXGroup;
			children = (
				ECAB38BB2B2996E30058833B /* ProductRepository.swift */,
			);
			path = Repository;
			sourceTree = "<group>";
		};
		ECAB38B82B298DFB0058833B /* UseCases */ = {
			isa = PBXGroup;
			children = (
				ECAB38BD2B2998B10058833B /* ProductUseCase.swift */,
			);
			path = UseCases;
			sourceTree = "<group>";
		};
		ECBD5B792B2074BF00AB2C48 = {
			isa = PBXGroup;
			children = (
				ECBD5B842B2074BF00AB2C48 /* MVVM_Dummy */,
				ECBD5B9E2B2074C000AB2C48 /* MVVM_DummyTests */,
				ECBD5BA82B2074C000AB2C48 /* MVVM_DummyUITests */,
				ECBD5B832B2074BF00AB2C48 /* Products */,
			);
			sourceTree = "<group>";
		};
		ECBD5B832B2074BF00AB2C48 /* Products */ = {
			isa = PBXGroup;
			children = (
				ECBD5B822B2074BF00AB2C48 /* MVVM_Dummy.app */,
				ECBD5B9B2B2074C000AB2C48 /* MVVM_DummyTests.xctest */,
				ECBD5BA52B2074C000AB2C48 /* MVVM_DummyUITests.xctest */,
			);
			name = Products;
			sourceTree = "<group>";
		};
		ECBD5B842B2074BF00AB2C48 /* MVVM_Dummy */ = {
			isa = PBXGroup;
			children = (
				ECBD5BB82B20757900AB2C48 /* Application */,
				ECBD5BC42B207EF600AB2C48 /* NavigationBar */,
				ECBD5BC32B207EDC00AB2C48 /* TabBar */,
				ECBD5BBB2B2075B700AB2C48 /* Utility */,
				ECBD5BB92B20759600AB2C48 /* Constant */,
				ECBD5BBC2B2075C400AB2C48 /* Helper */,
				ECBD5BBE2B2075DF00AB2C48 /* Storyboards */,
				ECBD5BBA2B2075AA00AB2C48 /* Extensions */,
				ECF0EAA12B2C3A7600F4338D /* CoreData */,
				ECBD5BBD2B2075CC00AB2C48 /* Screens */,
				ECBD5BBF2B2075F400AB2C48 /* Resources */,
				ECBD5B962B2074C000AB2C48 /* Info.plist */,
				ECBD5B8E2B2074BF00AB2C48 /* MVVM_Dummy.xcdatamodeld */,
			);
			path = MVVM_Dummy;
			sourceTree = "<group>";
		};
		ECBD5B9E2B2074C000AB2C48 /* MVVM_DummyTests */ = {
			isa = PBXGroup;
			children = (
				ECBD5B9F2B2074C000AB2C48 /* MVVM_DummyTests.swift */,
			);
			path = MVVM_DummyTests;
			sourceTree = "<group>";
		};
		ECBD5BA82B2074C000AB2C48 /* MVVM_DummyUITests */ = {
			isa = PBXGroup;
			children = (
				ECBD5BA92B2074C000AB2C48 /* MVVM_DummyUITests.swift */,
				ECBD5BAB2B2074C000AB2C48 /* MVVM_DummyUITestsLaunchTests.swift */,
			);
			path = MVVM_DummyUITests;
			sourceTree = "<group>";
		};
		ECBD5BB82B20757900AB2C48 /* Application */ = {
			isa = PBXGroup;
			children = (
				ECBD5B852B2074BF00AB2C48 /* AppDelegate.swift */,
				ECBD5B872B2074BF00AB2C48 /* SceneDelegate.swift */,
			);
			path = Application;
			sourceTree = "<group>";
		};
		ECBD5BB92B20759600AB2C48 /* Constant */ = {
			isa = PBXGroup;
			children = (
				ECBD5BC72B20898700AB2C48 /* Constant.swift */,
				EC27AD8E2B23032700A4ED1F /* ImageName.swift */,
				EC27AD8C2B23027C00A4ED1F /* Storybord.swift */,
			);
			path = Constant;
			sourceTree = "<group>";
		};
		ECBD5BBA2B2075AA00AB2C48 /* Extensions */ = {
			isa = PBXGroup;
			children = (
				ECBD5BC52B2088D800AB2C48 /* navBarExtension.swift */,
			);
			path = Extensions;
			sourceTree = "<group>";
		};
		ECBD5BBB2B2075B700AB2C48 /* Utility */ = {
			isa = PBXGroup;
			children = (
				ECF0CCD32B23591D00749C03 /* EndPointType.swift */,
				ECF0CCD52B235B7300749C03 /* ProductEndPointType.swift */,
			);
			path = Utility;
			sourceTree = "<group>";
		};
		ECBD5BBC2B2075C400AB2C48 /* Helper */ = {
			isa = PBXGroup;
			children = (
				ECF0CCD72B235FC500749C03 /* APIManager.swift */,
			);
			path = Helper;
			sourceTree = "<group>";
		};
		ECBD5BBD2B2075CC00AB2C48 /* Screens */ = {
			isa = PBXGroup;
			children = (
				EC27AD852B22F6F300A4ED1F /* Common Controllers */,
				EC27AD872B22F85100A4ED1F /* Welcome Screen */,
				EC27AD842B22F69300A4ED1F /* Product List */,
				ECF0EB502B317BE100F4338D /* AddProduct */,
				EC27AD8A2B22F8D500A4ED1F /* Settings */,
			);
			path = Screens;
			sourceTree = "<group>";
		};
		ECBD5BBE2B2075DF00AB2C48 /* Storyboards */ = {
			isa = PBXGroup;
			children = (
				ECF0EB512B317BFA00F4338D /* Product */,
				ECBD5B8B2B2074BF00AB2C48 /* Main.storyboard */,
				ECBD5B932B2074C000AB2C48 /* LaunchScreen.storyboard */,
				ECF0EB5B2B319CDA00F4338D /* TabBar.storyboard */,
			);
			path = Storyboards;
			sourceTree = "<group>";
		};
		ECBD5BBF2B2075F400AB2C48 /* Resources */ = {
			isa = PBXGroup;
			children = (
				ECBD5B912B2074C000AB2C48 /* Assets.xcassets */,
			);
			path = Resources;
			sourceTree = "<group>";
		};
		ECBD5BC02B20760300AB2C48 /* View */ = {
			isa = PBXGroup;
			children = (
				EC27AD882B22F8B700A4ED1F /* ProductList_ViewController.swift */,
				EC053FB92B345A5800C9D466 /* ProductList_ViewController + Delegate.swift */,
				EC053FB72B34595E00C9D466 /* ProductList_ViewController + btnAction.swift */,
				ECF0EB572B317D6E00F4338D /* ProductList_ViewController + Navigation.swift */,
				EC470C5C2B259C8C003C3063 /* ProductList_ViewController + tableView.swift */,
				ECF02B672B25D16100C72F9F /* ProductList_ViewController + SearchBar.swift */,
				EC27AD8B2B22FC1C00A4ED1F /* TableViewCell */,
			);
			path = View;
			sourceTree = "<group>";
		};
		ECBD5BC12B2077D400AB2C48 /* ViewModel */ = {
			isa = PBXGroup;
			children = (
				ECAB38B42B2989540058833B /* SingleProductViewModel.swift */,
				ECF0CCD92B236D6E00749C03 /* ProductViewModel.swift */,
			);
			path = ViewModel;
			sourceTree = "<group>";
		};
		ECBD5BC22B2077E400AB2C48 /* Model */ = {
			isa = PBXGroup;
			children = (
				EC27AD902B23166400A4ED1F /* Product.swift */,
			);
			path = Model;
			sourceTree = "<group>";
		};
		ECBD5BC32B207EDC00AB2C48 /* TabBar */ = {
			isa = PBXGroup;
			children = (
				ECBD5BCF2B2194FA00AB2C48 /* TabBarViewController.swift */,
			);
			path = TabBar;
			sourceTree = "<group>";
		};
		ECBD5BC42B207EF600AB2C48 /* NavigationBar */ = {
			isa = PBXGroup;
			children = (
				ECBD5BD12B21A51700AB2C48 /* BaseViewController.swift */,
			);
			path = NavigationBar;
			sourceTree = "<group>";
		};
		ECF0EA9E2B2B20D000F4338D /* Service */ = {
			isa = PBXGroup;
			children = (
				ECAB38B92B298E4D0058833B /* ProductService.swift */,
				ECF0EA9F2B2B20E800F4338D /* ProductServiceImpl.swift */,
			);
			path = Service;
			sourceTree = "<group>";
		};
		ECF0EAA12B2C3A7600F4338D /* CoreData */ = {
			isa = PBXGroup;
			children = (
				ECF0EAA42B2C3ACC00F4338D /* PersistentStorage.swift */,
			);
			path = CoreData;
			sourceTree = "<group>";
		};
		ECF0EAA82B2C439C00F4338D /* CoreData_SupportFiles */ = {
			isa = PBXGroup;
			children = (
				EC053FBD2B3BF52F00C9D466 /* CDRate+CoreDataClass.swift */,
				EC053FBE2B3BF52F00C9D466 /* CDRate+CoreDataProperties.swift */,
				EC053FBF2B3BF52F00C9D466 /* CDProduct+CoreDataClass.swift */,
				EC053FC02B3BF52F00C9D466 /* CDProduct+CoreDataProperties.swift */,
			);
			path = CoreData_SupportFiles;
			sourceTree = "<group>";
		};
		ECF0EB2A2B300B9B00F4338D /* CoreDate_Datamanager */ = {
			isa = PBXGroup;
			children = (
				ECF0EB2B2B300BCA00F4338D /* ProductDataManager.swift */,
				ECF0EB2F2B300BEF00F4338D /* RateDataManager.swift */,
			);
			path = CoreDate_Datamanager;
			sourceTree = "<group>";
		};
		ECF0EB332B3028DD00F4338D /* Extension */ = {
			isa = PBXGroup;
			children = (
				ECF0EB342B3028FC00F4338D /* CoreData_ProductExtension.swift */,
			);
			path = Extension;
			sourceTree = "<group>";
		};
		ECF0EB502B317BE100F4338D /* AddProduct */ = {
			isa = PBXGroup;
			children = (
				ECF0EB522B317C3600F4338D /* View */,
				ECF0EB632B31A95700F4338D /* Model */,
				ECF0EB642B31ACD600F4338D /* ViewModel */,
				ECF0EB652B31ACE000F4338D /* UseCases */,
				ECF0EB662B31AD8D00F4338D /* Repository */,
				ECF0EB672B31AD9500F4338D /* Service */,
			);
			path = AddProduct;
			sourceTree = "<group>";
		};
		ECF0EB512B317BFA00F4338D /* Product */ = {
			isa = PBXGroup;
			children = (
				ECF0EB4C2B317BD300F4338D /* Product.storyboard */,
			);
			path = Product;
			sourceTree = "<group>";
		};
		ECF0EB522B317C3600F4338D /* View */ = {
			isa = PBXGroup;
			children = (
				ECF0EB532B317CA100F4338D /* AddProduct_ViewController.swift */,
			);
			path = View;
			sourceTree = "<group>";
		};
		ECF0EB632B31A95700F4338D /* Model */ = {
			isa = PBXGroup;
			children = (
				ECF0EB5F2B31A88800F4338D /* AddProduct.swift */,
			);
			path = Model;
			sourceTree = "<group>";
		};
		ECF0EB642B31ACD600F4338D /* ViewModel */ = {
			isa = PBXGroup;
			children = (
				ECF0EB682B31ADCA00F4338D /* AddProductViewModel.swift */,
			);
			path = ViewModel;
			sourceTree = "<group>";
		};
		ECF0EB652B31ACE000F4338D /* UseCases */ = {
			isa = PBXGroup;
			children = (
				ECF0EB782B31B33B00F4338D /* AddProductUseCases.swift */,
			);
			path = UseCases;
			sourceTree = "<group>";
		};
		ECF0EB662B31AD8D00F4338D /* Repository */ = {
			isa = PBXGroup;
			children = (
				ECF0EB742B31B20F00F4338D /* AddProductRepository.swift */,
			);
			path = Repository;
			sourceTree = "<group>";
		};
		ECF0EB672B31AD9500F4338D /* Service */ = {
			isa = PBXGroup;
			children = (
				ECF0EB6C2B31AE7100F4338D /* AddProductService.swift */,
				ECF0EB702B31AE8900F4338D /* AddProductServiceImpl.swift */,
			);
			path = Service;
			sourceTree = "<group>";
		};
/* End PBXGroup section */

/* Begin PBXNativeTarget section */
		ECBD5B812B2074BF00AB2C48 /* MVVM_Dummy */ = {
			isa = PBXNativeTarget;
			buildConfigurationList = ECBD5BAF2B2074C000AB2C48 /* Build configuration list for PBXNativeTarget "MVVM_Dummy" */;
			buildPhases = (
				ECBD5B7E2B2074BF00AB2C48 /* Sources */,
				ECBD5B7F2B2074BF00AB2C48 /* Frameworks */,
				ECBD5B802B2074BF00AB2C48 /* Resources */,
			);
			buildRules = (
			);
			dependencies = (
			);
			name = MVVM_Dummy;
			productName = MVVM_Dummy;
			productReference = ECBD5B822B2074BF00AB2C48 /* MVVM_Dummy.app */;
			productType = "com.apple.product-type.application";
		};
		ECBD5B9A2B2074C000AB2C48 /* MVVM_DummyTests */ = {
			isa = PBXNativeTarget;
			buildConfigurationList = ECBD5BB22B2074C000AB2C48 /* Build configuration list for PBXNativeTarget "MVVM_DummyTests" */;
			buildPhases = (
				ECBD5B972B2074C000AB2C48 /* Sources */,
				ECBD5B982B2074C000AB2C48 /* Frameworks */,
				ECBD5B992B2074C000AB2C48 /* Resources */,
			);
			buildRules = (
			);
			dependencies = (
				ECBD5B9D2B2074C000AB2C48 /* PBXTargetDependency */,
			);
			name = MVVM_DummyTests;
			productName = MVVM_DummyTests;
			productReference = ECBD5B9B2B2074C000AB2C48 /* MVVM_DummyTests.xctest */;
			productType = "com.apple.product-type.bundle.unit-test";
		};
		ECBD5BA42B2074C000AB2C48 /* MVVM_DummyUITests */ = {
			isa = PBXNativeTarget;
			buildConfigurationList = ECBD5BB52B2074C000AB2C48 /* Build configuration list for PBXNativeTarget "MVVM_DummyUITests" */;
			buildPhases = (
				ECBD5BA12B2074C000AB2C48 /* Sources */,
				ECBD5BA22B2074C000AB2C48 /* Frameworks */,
				ECBD5BA32B2074C000AB2C48 /* Resources */,
			);
			buildRules = (
			);
			dependencies = (
				ECBD5BA72B2074C000AB2C48 /* PBXTargetDependency */,
			);
			name = MVVM_DummyUITests;
			productName = MVVM_DummyUITests;
			productReference = ECBD5BA52B2074C000AB2C48 /* MVVM_DummyUITests.xctest */;
			productType = "com.apple.product-type.bundle.ui-testing";
		};
/* End PBXNativeTarget section */

/* Begin PBXProject section */
		ECBD5B7A2B2074BF00AB2C48 /* Project object */ = {
			isa = PBXProject;
			attributes = {
				BuildIndependentTargetsInParallel = 1;
				LastSwiftUpdateCheck = 1430;
				LastUpgradeCheck = 1430;
				TargetAttributes = {
					ECBD5B812B2074BF00AB2C48 = {
						CreatedOnToolsVersion = 14.3.1;
					};
					ECBD5B9A2B2074C000AB2C48 = {
						CreatedOnToolsVersion = 14.3.1;
						TestTargetID = ECBD5B812B2074BF00AB2C48;
					};
					ECBD5BA42B2074C000AB2C48 = {
						CreatedOnToolsVersion = 14.3.1;
						TestTargetID = ECBD5B812B2074BF00AB2C48;
					};
				};
			};
			buildConfigurationList = ECBD5B7D2B2074BF00AB2C48 /* Build configuration list for PBXProject "MVVM_Dummy" */;
			compatibilityVersion = "Xcode 14.0";
			developmentRegion = en;
			hasScannedForEncodings = 0;
			knownRegions = (
				en,
				Base,
			);
			mainGroup = ECBD5B792B2074BF00AB2C48;
			productRefGroup = ECBD5B832B2074BF00AB2C48 /* Products */;
			projectDirPath = "";
			projectRoot = "";
			targets = (
				ECBD5B812B2074BF00AB2C48 /* MVVM_Dummy */,
				ECBD5B9A2B2074C000AB2C48 /* MVVM_DummyTests */,
				ECBD5BA42B2074C000AB2C48 /* MVVM_DummyUITests */,
			);
		};
/* End PBXProject section */

/* Begin PBXResourcesBuildPhase section */
		ECBD5B802B2074BF00AB2C48 /* Resources */ = {
			isa = PBXResourcesBuildPhase;
			buildActionMask = 2147483647;
			files = (
				ECBD5B952B2074C000AB2C48 /* LaunchScreen.storyboard in Resources */,
				ECA04AFC2B25B43200F6B117 /* ProductCell.xib in Resources */,
				ECBD5B922B2074C000AB2C48 /* Assets.xcassets in Resources */,
				ECF0EB4D2B317BD300F4338D /* Product.storyboard in Resources */,
				ECF0EB5C2B319CDA00F4338D /* TabBar.storyboard in Resources */,
				ECBD5B8D2B2074BF00AB2C48 /* Main.storyboard in Resources */,
			);
			runOnlyForDeploymentPostprocessing = 0;
		};
		ECBD5B992B2074C000AB2C48 /* Resources */ = {
			isa = PBXResourcesBuildPhase;
			buildActionMask = 2147483647;
			files = (
				ECF0EB5D2B319CDA00F4338D /* TabBar.storyboard in Resources */,
				ECF0EB4E2B317BD300F4338D /* Product.storyboard in Resources */,
			);
			runOnlyForDeploymentPostprocessing = 0;
		};
		ECBD5BA32B2074C000AB2C48 /* Resources */ = {
			isa = PBXResourcesBuildPhase;
			buildActionMask = 2147483647;
			files = (
				ECF0EB5E2B319CDA00F4338D /* TabBar.storyboard in Resources */,
				ECF0EB4F2B317BD300F4338D /* Product.storyboard in Resources */,
			);
			runOnlyForDeploymentPostprocessing = 0;
		};
/* End PBXResourcesBuildPhase section */

/* Begin PBXSourcesBuildPhase section */
		ECBD5B7E2B2074BF00AB2C48 /* Sources */ = {
			isa = PBXSourcesBuildPhase;
			buildActionMask = 2147483647;
			files = (
				ECF0EB302B300BEF00F4338D /* RateDataManager.swift in Sources */,
				ECBD5BCC2B20AC4000AB2C48 /* ChildViewController.swift in Sources */,
				ECF0CCD82B235FC500749C03 /* APIManager.swift in Sources */,
				ECF0EB792B31B33B00F4338D /* AddProductUseCases.swift in Sources */,
				ECBD5BCE2B20AC4F00AB2C48 /* SettingsViewController.swift in Sources */,
				ECBD5BD22B21A51700AB2C48 /* BaseViewController.swift in Sources */,
				ECBD5BCA2B209FCA00AB2C48 /* MainViewController.swift in Sources */,
				ECF0EB2C2B300BCA00F4338D /* ProductDataManager.swift in Sources */,
				EC053FC12B3BF52F00C9D466 /* CDRate+CoreDataClass.swift in Sources */,
				ECF0CCD62B235B7300749C03 /* ProductEndPointType.swift in Sources */,
				ECBD5BD42B21ABA600AB2C48 /* BaseTableViewController.swift in Sources */,
				EC470C5D2B259C8C003C3063 /* ProductList_ViewController + tableView.swift in Sources */,
				ECF0EB712B31AE8900F4338D /* AddProductServiceImpl.swift in Sources */,
				ECBD5B902B2074BF00AB2C48 /* MVVM_Dummy.xcdatamodeld in Sources */,
				EC27AD8F2B23032700A4ED1F /* ImageName.swift in Sources */,
				EC27AD8D2B23027C00A4ED1F /* Storybord.swift in Sources */,
				ECAB38BC2B2996E30058833B /* ProductRepository.swift in Sources */,
				ECAB38B52B2989540058833B /* SingleProductViewModel.swift in Sources */,
				ECF0EB542B317CA100F4338D /* AddProduct_ViewController.swift in Sources */,
				ECAB38BE2B2998B10058833B /* ProductUseCase.swift in Sources */,
				ECBD5BC62B2088D800AB2C48 /* navBarExtension.swift in Sources */,
				ECF02B682B25D16100C72F9F /* ProductList_ViewController + SearchBar.swift in Sources */,
				ECA04AFB2B25B43200F6B117 /* ProductCell.swift in Sources */,
				EC27AD912B23166400A4ED1F /* Product.swift in Sources */,
				ECF0EB352B3028FC00F4338D /* CoreData_ProductExtension.swift in Sources */,
				ECBD5BC82B20898700AB2C48 /* Constant.swift in Sources */,
				EC053FC42B3BF52F00C9D466 /* CDProduct+CoreDataProperties.swift in Sources */,
				ECAB38BA2B298E4D0058833B /* ProductService.swift in Sources */,
				EC053FC22B3BF52F00C9D466 /* CDRate+CoreDataProperties.swift in Sources */,
				EC053FB82B34595E00C9D466 /* ProductList_ViewController + btnAction.swift in Sources */,
				ECF0EB692B31ADCA00F4338D /* AddProductViewModel.swift in Sources */,
				ECF0EAA52B2C3ACC00F4338D /* PersistentStorage.swift in Sources */,
				ECF0EB582B317D6E00F4338D /* ProductList_ViewController + Navigation.swift in Sources */,
				EC053FBA2B345A5800C9D466 /* ProductList_ViewController + Delegate.swift in Sources */,
				ECF0EAA02B2B20E800F4338D /* ProductServiceImpl.swift in Sources */,
				ECF0CCDA2B236D6E00749C03 /* ProductViewModel.swift in Sources */,
				ECBD5B862B2074BF00AB2C48 /* AppDelegate.swift in Sources */,
				ECF0CCD42B23591D00749C03 /* EndPointType.swift in Sources */,
				ECF0EB602B31A88800F4338D /* AddProduct.swift in Sources */,
				EC27AD892B22F8B700A4ED1F /* ProductList_ViewController.swift in Sources */,
				ECF0EB6D2B31AE7100F4338D /* AddProductService.swift in Sources */,
				EC053FC32B3BF52F00C9D466 /* CDProduct+CoreDataClass.swift in Sources */,
				ECF0EB752B31B20F00F4338D /* AddProductRepository.swift in Sources */,
				ECBD5BD02B2194FB00AB2C48 /* TabBarViewController.swift in Sources */,
				ECBD5B882B2074BF00AB2C48 /* SceneDelegate.swift in Sources */,
			);
			runOnlyForDeploymentPostprocessing = 0;
		};
		ECBD5B972B2074C000AB2C48 /* Sources */ = {
			isa = PBXSourcesBuildPhase;
			buildActionMask = 2147483647;
			files = (
				ECF0EB722B31AE8900F4338D /* AddProductServiceImpl.swift in Sources */,
				ECF0EB312B300BEF00F4338D /* RateDataManager.swift in Sources */,
				ECF0EB362B3028FC00F4338D /* CoreData_ProductExtension.swift in Sources */,
				ECF0EB762B31B20F00F4338D /* AddProductRepository.swift in Sources */,
				ECF0EB552B317CA100F4338D /* AddProduct_ViewController.swift in Sources */,
				ECF0EB6A2B31ADCA00F4338D /* AddProductViewModel.swift in Sources */,
				ECF0EB7A2B31B33B00F4338D /* AddProductUseCases.swift in Sources */,
				ECF0EB2D2B300BCA00F4338D /* ProductDataManager.swift in Sources */,
				ECF0EAA62B2C3ACC00F4338D /* PersistentStorage.swift in Sources */,
				ECF0EB592B317D6E00F4338D /* ProductList_ViewController + Navigation.swift in Sources */,
				ECBD5BA02B2074C000AB2C48 /* MVVM_DummyTests.swift in Sources */,
				ECF0EB6E2B31AE7100F4338D /* AddProductService.swift in Sources */,
			);
			runOnlyForDeploymentPostprocessing = 0;
		};
		ECBD5BA12B2074C000AB2C48 /* Sources */ = {
			isa = PBXSourcesBuildPhase;
			buildActionMask = 2147483647;
			files = (
				ECF0EB6B2B31ADCA00F4338D /* AddProductViewModel.swift in Sources */,
				ECF0EB2E2B300BCA00F4338D /* ProductDataManager.swift in Sources */,
				ECF0EB6F2B31AE7100F4338D /* AddProductService.swift in Sources */,
				ECF0EB372B3028FC00F4338D /* CoreData_ProductExtension.swift in Sources */,
				ECF0EB322B300BEF00F4338D /* RateDataManager.swift in Sources */,
				ECF0EB562B317CA100F4338D /* AddProduct_ViewController.swift in Sources */,
				ECF0EB5A2B317D6E00F4338D /* ProductList_ViewController + Navigation.swift in Sources */,
				ECF0EAA72B2C3ACC00F4338D /* PersistentStorage.swift in Sources */,
				ECBD5BAA2B2074C000AB2C48 /* MVVM_DummyUITests.swift in Sources */,
				ECBD5BAC2B2074C000AB2C48 /* MVVM_DummyUITestsLaunchTests.swift in Sources */,
				ECF0EB7B2B31B33B00F4338D /* AddProductUseCases.swift in Sources */,
				ECF0EB732B31AE8900F4338D /* AddProductServiceImpl.swift in Sources */,
				ECF0EB772B31B20F00F4338D /* AddProductRepository.swift in Sources */,
			);
			runOnlyForDeploymentPostprocessing = 0;
		};
/* End PBXSourcesBuildPhase section */

/* Begin PBXTargetDependency section */
		ECBD5B9D2B2074C000AB2C48 /* PBXTargetDependency */ = {
			isa = PBXTargetDependency;
			target = ECBD5B812B2074BF00AB2C48 /* MVVM_Dummy */;
			targetProxy = ECBD5B9C2B2074C000AB2C48 /* PBXContainerItemProxy */;
		};
		ECBD5BA72B2074C000AB2C48 /* PBXTargetDependency */ = {
			isa = PBXTargetDependency;
			target = ECBD5B812B2074BF00AB2C48 /* MVVM_Dummy */;
			targetProxy = ECBD5BA62B2074C000AB2C48 /* PBXContainerItemProxy */;
		};
/* End PBXTargetDependency section */

/* Begin PBXVariantGroup section */
		ECBD5B8B2B2074BF00AB2C48 /* Main.storyboard */ = {
			isa = PBXVariantGroup;
			children = (
				ECBD5B8C2B2074BF00AB2C48 /* Base */,
			);
			name = Main.storyboard;
			sourceTree = "<group>";
		};
		ECBD5B932B2074C000AB2C48 /* LaunchScreen.storyboard */ = {
			isa = PBXVariantGroup;
			children = (
				ECBD5B942B2074C000AB2C48 /* Base */,
			);
			name = LaunchScreen.storyboard;
			sourceTree = "<group>";
		};
/* End PBXVariantGroup section */

/* Begin XCBuildConfiguration section */
		ECBD5BAD2B2074C000AB2C48 /* Debug */ = {
			isa = XCBuildConfiguration;
			buildSettings = {
				ALWAYS_SEARCH_USER_PATHS = NO;
				CLANG_ANALYZER_NONNULL = YES;
				CLANG_ANALYZER_NUMBER_OBJECT_CONVERSION = YES_AGGRESSIVE;
				CLANG_CXX_LANGUAGE_STANDARD = "gnu++20";
				CLANG_ENABLE_MODULES = YES;
				CLANG_ENABLE_OBJC_ARC = YES;
				CLANG_ENABLE_OBJC_WEAK = YES;
				CLANG_WARN_BLOCK_CAPTURE_AUTORELEASING = YES;
				CLANG_WARN_BOOL_CONVERSION = YES;
				CLANG_WARN_COMMA = YES;
				CLANG_WARN_CONSTANT_CONVERSION = YES;
				CLANG_WARN_DEPRECATED_OBJC_IMPLEMENTATIONS = YES;
				CLANG_WARN_DIRECT_OBJC_ISA_USAGE = YES_ERROR;
				CLANG_WARN_DOCUMENTATION_COMMENTS = YES;
				CLANG_WARN_EMPTY_BODY = YES;
				CLANG_WARN_ENUM_CONVERSION = YES;
				CLANG_WARN_INFINITE_RECURSION = YES;
				CLANG_WARN_INT_CONVERSION = YES;
				CLANG_WARN_NON_LITERAL_NULL_CONVERSION = YES;
				CLANG_WARN_OBJC_IMPLICIT_RETAIN_SELF = YES;
				CLANG_WARN_OBJC_LITERAL_CONVERSION = YES;
				CLANG_WARN_OBJC_ROOT_CLASS = YES_ERROR;
				CLANG_WARN_QUOTED_INCLUDE_IN_FRAMEWORK_HEADER = YES;
				CLANG_WARN_RANGE_LOOP_ANALYSIS = YES;
				CLANG_WARN_STRICT_PROTOTYPES = YES;
				CLANG_WARN_SUSPICIOUS_MOVE = YES;
				CLANG_WARN_UNGUARDED_AVAILABILITY = YES_AGGRESSIVE;
				CLANG_WARN_UNREACHABLE_CODE = YES;
				CLANG_WARN__DUPLICATE_METHOD_MATCH = YES;
				COPY_PHASE_STRIP = NO;
				DEBUG_INFORMATION_FORMAT = dwarf;
				ENABLE_STRICT_OBJC_MSGSEND = YES;
				ENABLE_TESTABILITY = YES;
				GCC_C_LANGUAGE_STANDARD = gnu11;
				GCC_DYNAMIC_NO_PIC = NO;
				GCC_NO_COMMON_BLOCKS = YES;
				GCC_OPTIMIZATION_LEVEL = 0;
				GCC_PREPROCESSOR_DEFINITIONS = (
					"DEBUG=1",
					"$(inherited)",
				);
				GCC_WARN_64_TO_32_BIT_CONVERSION = YES;
				GCC_WARN_ABOUT_RETURN_TYPE = YES_ERROR;
				GCC_WARN_UNDECLARED_SELECTOR = YES;
				GCC_WARN_UNINITIALIZED_AUTOS = YES_AGGRESSIVE;
				GCC_WARN_UNUSED_FUNCTION = YES;
				GCC_WARN_UNUSED_VARIABLE = YES;
				IPHONEOS_DEPLOYMENT_TARGET = 16.4;
				MTL_ENABLE_DEBUG_INFO = INCLUDE_SOURCE;
				MTL_FAST_MATH = YES;
				ONLY_ACTIVE_ARCH = YES;
				SDKROOT = iphoneos;
				SWIFT_ACTIVE_COMPILATION_CONDITIONS = DEBUG;
				SWIFT_OPTIMIZATION_LEVEL = "-Onone";
			};
			name = Debug;
		};
		ECBD5BAE2B2074C000AB2C48 /* Release */ = {
			isa = XCBuildConfiguration;
			buildSettings = {
				ALWAYS_SEARCH_USER_PATHS = NO;
				CLANG_ANALYZER_NONNULL = YES;
				CLANG_ANALYZER_NUMBER_OBJECT_CONVERSION = YES_AGGRESSIVE;
				CLANG_CXX_LANGUAGE_STANDARD = "gnu++20";
				CLANG_ENABLE_MODULES = YES;
				CLANG_ENABLE_OBJC_ARC = YES;
				CLANG_ENABLE_OBJC_WEAK = YES;
				CLANG_WARN_BLOCK_CAPTURE_AUTORELEASING = YES;
				CLANG_WARN_BOOL_CONVERSION = YES;
				CLANG_WARN_COMMA = YES;
				CLANG_WARN_CONSTANT_CONVERSION = YES;
				CLANG_WARN_DEPRECATED_OBJC_IMPLEMENTATIONS = YES;
				CLANG_WARN_DIRECT_OBJC_ISA_USAGE = YES_ERROR;
				CLANG_WARN_DOCUMENTATION_COMMENTS = YES;
				CLANG_WARN_EMPTY_BODY = YES;
				CLANG_WARN_ENUM_CONVERSION = YES;
				CLANG_WARN_INFINITE_RECURSION = YES;
				CLANG_WARN_INT_CONVERSION = YES;
				CLANG_WARN_NON_LITERAL_NULL_CONVERSION = YES;
				CLANG_WARN_OBJC_IMPLICIT_RETAIN_SELF = YES;
				CLANG_WARN_OBJC_LITERAL_CONVERSION = YES;
				CLANG_WARN_OBJC_ROOT_CLASS = YES_ERROR;
				CLANG_WARN_QUOTED_INCLUDE_IN_FRAMEWORK_HEADER = YES;
				CLANG_WARN_RANGE_LOOP_ANALYSIS = YES;
				CLANG_WARN_STRICT_PROTOTYPES = YES;
				CLANG_WARN_SUSPICIOUS_MOVE = YES;
				CLANG_WARN_UNGUARDED_AVAILABILITY = YES_AGGRESSIVE;
				CLANG_WARN_UNREACHABLE_CODE = YES;
				CLANG_WARN__DUPLICATE_METHOD_MATCH = YES;
				COPY_PHASE_STRIP = NO;
				DEBUG_INFORMATION_FORMAT = "dwarf-with-dsym";
				ENABLE_NS_ASSERTIONS = NO;
				ENABLE_STRICT_OBJC_MSGSEND = YES;
				GCC_C_LANGUAGE_STANDARD = gnu11;
				GCC_NO_COMMON_BLOCKS = YES;
				GCC_WARN_64_TO_32_BIT_CONVERSION = YES;
				GCC_WARN_ABOUT_RETURN_TYPE = YES_ERROR;
				GCC_WARN_UNDECLARED_SELECTOR = YES;
				GCC_WARN_UNINITIALIZED_AUTOS = YES_AGGRESSIVE;
				GCC_WARN_UNUSED_FUNCTION = YES;
				GCC_WARN_UNUSED_VARIABLE = YES;
				IPHONEOS_DEPLOYMENT_TARGET = 16.4;
				MTL_ENABLE_DEBUG_INFO = NO;
				MTL_FAST_MATH = YES;
				SDKROOT = iphoneos;
				SWIFT_COMPILATION_MODE = wholemodule;
				SWIFT_OPTIMIZATION_LEVEL = "-O";
				VALIDATE_PRODUCT = YES;
			};
			name = Release;
		};
		ECBD5BB02B2074C000AB2C48 /* Debug */ = {
			isa = XCBuildConfiguration;
			buildSettings = {
				ASSETCATALOG_COMPILER_APPICON_NAME = AppIcon;
				ASSETCATALOG_COMPILER_GLOBAL_ACCENT_COLOR_NAME = AccentColor;
				CODE_SIGN_STYLE = Automatic;
				CURRENT_PROJECT_VERSION = 1;
				GENERATE_INFOPLIST_FILE = YES;
				INFOPLIST_FILE = MVVM_Dummy/Info.plist;
				INFOPLIST_KEY_UIApplicationSupportsIndirectInputEvents = YES;
				INFOPLIST_KEY_UILaunchStoryboardName = LaunchScreen;
				INFOPLIST_KEY_UIMainStoryboardFile = Main;
				INFOPLIST_KEY_UISupportedInterfaceOrientations_iPad = "UIInterfaceOrientationPortrait UIInterfaceOrientationPortraitUpsideDown UIInterfaceOrientationLandscapeLeft UIInterfaceOrientationLandscapeRight";
				INFOPLIST_KEY_UISupportedInterfaceOrientations_iPhone = "UIInterfaceOrientationPortrait UIInterfaceOrientationLandscapeLeft UIInterfaceOrientationLandscapeRight";
				LD_RUNPATH_SEARCH_PATHS = (
					"$(inherited)",
					"@executable_path/Frameworks",
				);
				MARKETING_VERSION = 1.0;
				PRODUCT_BUNDLE_IDENTIFIER = "com.test.ai.MVVM-Dummy";
				PRODUCT_NAME = "$(TARGET_NAME)";
				SWIFT_EMIT_LOC_STRINGS = YES;
				SWIFT_VERSION = 5.0;
				TARGETED_DEVICE_FAMILY = "1,2";
			};
			name = Debug;
		};
		ECBD5BB12B2074C000AB2C48 /* Release */ = {
			isa = XCBuildConfiguration;
			buildSettings = {
				ASSETCATALOG_COMPILER_APPICON_NAME = AppIcon;
				ASSETCATALOG_COMPILER_GLOBAL_ACCENT_COLOR_NAME = AccentColor;
				CODE_SIGN_STYLE = Automatic;
				CURRENT_PROJECT_VERSION = 1;
				GENERATE_INFOPLIST_FILE = YES;
				INFOPLIST_FILE = MVVM_Dummy/Info.plist;
				INFOPLIST_KEY_UIApplicationSupportsIndirectInputEvents = YES;
				INFOPLIST_KEY_UILaunchStoryboardName = LaunchScreen;
				INFOPLIST_KEY_UIMainStoryboardFile = Main;
				INFOPLIST_KEY_UISupportedInterfaceOrientations_iPad = "UIInterfaceOrientationPortrait UIInterfaceOrientationPortraitUpsideDown UIInterfaceOrientationLandscapeLeft UIInterfaceOrientationLandscapeRight";
				INFOPLIST_KEY_UISupportedInterfaceOrientations_iPhone = "UIInterfaceOrientationPortrait UIInterfaceOrientationLandscapeLeft UIInterfaceOrientationLandscapeRight";
				LD_RUNPATH_SEARCH_PATHS = (
					"$(inherited)",
					"@executable_path/Frameworks",
				);
				MARKETING_VERSION = 1.0;
				PRODUCT_BUNDLE_IDENTIFIER = "com.test.ai.MVVM-Dummy";
				PRODUCT_NAME = "$(TARGET_NAME)";
				SWIFT_EMIT_LOC_STRINGS = YES;
				SWIFT_VERSION = 5.0;
				TARGETED_DEVICE_FAMILY = "1,2";
			};
			name = Release;
		};
		ECBD5BB32B2074C000AB2C48 /* Debug */ = {
			isa = XCBuildConfiguration;
			buildSettings = {
				ALWAYS_EMBED_SWIFT_STANDARD_LIBRARIES = YES;
				BUNDLE_LOADER = "$(TEST_HOST)";
				CODE_SIGN_STYLE = Automatic;
				CURRENT_PROJECT_VERSION = 1;
				GENERATE_INFOPLIST_FILE = YES;
				IPHONEOS_DEPLOYMENT_TARGET = 16.4;
				MARKETING_VERSION = 1.0;
				PRODUCT_BUNDLE_IDENTIFIER = "com.test.ai.MVVM-DummyTests";
				PRODUCT_NAME = "$(TARGET_NAME)";
				SWIFT_EMIT_LOC_STRINGS = NO;
				SWIFT_VERSION = 5.0;
				TARGETED_DEVICE_FAMILY = "1,2";
				TEST_HOST = "$(BUILT_PRODUCTS_DIR)/MVVM_Dummy.app/$(BUNDLE_EXECUTABLE_FOLDER_PATH)/MVVM_Dummy";
			};
			name = Debug;
		};
		ECBD5BB42B2074C000AB2C48 /* Release */ = {
			isa = XCBuildConfiguration;
			buildSettings = {
				ALWAYS_EMBED_SWIFT_STANDARD_LIBRARIES = YES;
				BUNDLE_LOADER = "$(TEST_HOST)";
				CODE_SIGN_STYLE = Automatic;
				CURRENT_PROJECT_VERSION = 1;
				GENERATE_INFOPLIST_FILE = YES;
				IPHONEOS_DEPLOYMENT_TARGET = 16.4;
				MARKETING_VERSION = 1.0;
				PRODUCT_BUNDLE_IDENTIFIER = "com.test.ai.MVVM-DummyTests";
				PRODUCT_NAME = "$(TARGET_NAME)";
				SWIFT_EMIT_LOC_STRINGS = NO;
				SWIFT_VERSION = 5.0;
				TARGETED_DEVICE_FAMILY = "1,2";
				TEST_HOST = "$(BUILT_PRODUCTS_DIR)/MVVM_Dummy.app/$(BUNDLE_EXECUTABLE_FOLDER_PATH)/MVVM_Dummy";
			};
			name = Release;
		};
		ECBD5BB62B2074C000AB2C48 /* Debug */ = {
			isa = XCBuildConfiguration;
			buildSettings = {
				ALWAYS_EMBED_SWIFT_STANDARD_LIBRARIES = YES;
				CODE_SIGN_STYLE = Automatic;
				CURRENT_PROJECT_VERSION = 1;
				GENERATE_INFOPLIST_FILE = YES;
				MARKETING_VERSION = 1.0;
				PRODUCT_BUNDLE_IDENTIFIER = "com.test.ai.MVVM-DummyUITests";
				PRODUCT_NAME = "$(TARGET_NAME)";
				SWIFT_EMIT_LOC_STRINGS = NO;
				SWIFT_VERSION = 5.0;
				TARGETED_DEVICE_FAMILY = "1,2";
				TEST_TARGET_NAME = MVVM_Dummy;
			};
			name = Debug;
		};
		ECBD5BB72B2074C000AB2C48 /* Release */ = {
			isa = XCBuildConfiguration;
			buildSettings = {
				ALWAYS_EMBED_SWIFT_STANDARD_LIBRARIES = YES;
				CODE_SIGN_STYLE = Automatic;
				CURRENT_PROJECT_VERSION = 1;
				GENERATE_INFOPLIST_FILE = YES;
				MARKETING_VERSION = 1.0;
				PRODUCT_BUNDLE_IDENTIFIER = "com.test.ai.MVVM-DummyUITests";
				PRODUCT_NAME = "$(TARGET_NAME)";
				SWIFT_EMIT_LOC_STRINGS = NO;
				SWIFT_VERSION = 5.0;
				TARGETED_DEVICE_FAMILY = "1,2";
				TEST_TARGET_NAME = MVVM_Dummy;
			};
			name = Release;
		};
/* End XCBuildConfiguration section */

/* Begin XCConfigurationList section */
		ECBD5B7D2B2074BF00AB2C48 /* Build configuration list for PBXProject "MVVM_Dummy" */ = {
			isa = XCConfigurationList;
			buildConfigurations = (
				ECBD5BAD2B2074C000AB2C48 /* Debug */,
				ECBD5BAE2B2074C000AB2C48 /* Release */,
			);
			defaultConfigurationIsVisible = 0;
			defaultConfigurationName = Release;
		};
		ECBD5BAF2B2074C000AB2C48 /* Build configuration list for PBXNativeTarget "MVVM_Dummy" */ = {
			isa = XCConfigurationList;
			buildConfigurations = (
				ECBD5BB02B2074C000AB2C48 /* Debug */,
				ECBD5BB12B2074C000AB2C48 /* Release */,
			);
			defaultConfigurationIsVisible = 0;
			defaultConfigurationName = Release;
		};
		ECBD5BB22B2074C000AB2C48 /* Build configuration list for PBXNativeTarget "MVVM_DummyTests" */ = {
			isa = XCConfigurationList;
			buildConfigurations = (
				ECBD5BB32B2074C000AB2C48 /* Debug */,
				ECBD5BB42B2074C000AB2C48 /* Release */,
			);
			defaultConfigurationIsVisible = 0;
			defaultConfigurationName = Release;
		};
		ECBD5BB52B2074C000AB2C48 /* Build configuration list for PBXNativeTarget "MVVM_DummyUITests" */ = {
			isa = XCConfigurationList;
			buildConfigurations = (
				ECBD5BB62B2074C000AB2C48 /* Debug */,
				ECBD5BB72B2074C000AB2C48 /* Release */,
			);
			defaultConfigurationIsVisible = 0;
			defaultConfigurationName = Release;
		};
/* End XCConfigurationList section */

/* Begin XCVersionGroup section */
		ECBD5B8E2B2074BF00AB2C48 /* MVVM_Dummy.xcdatamodeld */ = {
			isa = XCVersionGroup;
			children = (
				ECBD5B8F2B2074BF00AB2C48 /* MVVM_Dummy.xcdatamodel */,
			);
			currentVersion = ECBD5B8F2B2074BF00AB2C48 /* MVVM_Dummy.xcdatamodel */;
			path = MVVM_Dummy.xcdatamodeld;
			sourceTree = "<group>";
			versionGroupType = wrapper.xcdatamodel;
		};
/* End XCVersionGroup section */
	};
	rootObject = ECBD5B7A2B2074BF00AB2C48 /* Project object */;
}
